
Microsoft Visual Studio Solution File, Format Version 12.00
# Visual Studio Version 16
VisualStudioVersion = 16.0.30907.101
MinimumVisualStudioVersion = 10.0.40219.1
Project("{FAE04EC0-301F-11D3-BF4B-00C04F79EFBC}") = "KFU-Text-Analyze", "KFU-Text-Analyze\KFU-Text-Analyze.csproj", "{C8353E77-9FFC-45C9-99E6-A77A9199A6B0}"
EndProject
Global
	GlobalSection(SolutionConfigurationPlatforms) = preSolution
		Debug|Any CPU = Debug|Any CPU
		Release|Any CPU = Release|Any CPU
	EndGlobalSection
	GlobalSection(ProjectConfigurationPlatforms) = postSolution
		{C8353E77-9FFC-45C9-99E6-A77A9199A6B0}.Debug|Any CPU.ActiveCfg = Debug|Any CPU
		{C8353E77-9FFC-45C9-99E6-A77A9199A6B0}.Debug|Any CPU.Build.0 = Debug|Any CPU
		{C8353E77-9FFC-45C9-99E6-A77A9199A6B0}.Release|Any CPU.ActiveCfg = Release|Any CPU
		{C8353E77-9FFC-45C9-99E6-A77A9199A6B0}.Release|Any CPU.Build.0 = Release|Any CPU
	EndGlobalSection
	GlobalSection(SolutionProperties) = preSolution
		HideSolutionNode = FALSE
	EndGlobalSection
	GlobalSection(ExtensibilityGlobals) = postSolution
		SolutionGuid = {FF1A1853-8CA3-4CA5-AD42-065C6894D659}
	EndGlobalSection
EndGlobal
